
Microsoft Visual Studio Solution File, Format Version 12.00
# Visual Studio Version 17
VisualStudioVersion = 17.11.35303.130
MinimumVisualStudioVersion = 10.0.40219.1
Project("{FAE04EC0-301F-11D3-BF4B-00C04F79EFBC}") = "КТ № 21 Модификаторы доступа", "КТ № 21 Модификаторы доступа\КТ № 21 Модификаторы доступа.csproj", "{C574D8AC-28B1-4952-BD5C-826CAB7608DE}"
EndProject
Global
	GlobalSection(SolutionConfigurationPlatforms) = preSolution
		Debug|Any CPU = Debug|Any CPU
		Release|Any CPU = Release|Any CPU
	EndGlobalSection
	GlobalSection(ProjectConfigurationPlatforms) = postSolution
		{C574D8AC-28B1-4952-BD5C-826CAB7608DE}.Debug|Any CPU.ActiveCfg = Debug|Any CPU
		{C574D8AC-28B1-4952-BD5C-826CAB7608DE}.Debug|Any CPU.Build.0 = Debug|Any CPU
		{C574D8AC-28B1-4952-BD5C-826CAB7608DE}.Release|Any CPU.ActiveCfg = Release|Any CPU
		{C574D8AC-28B1-4952-BD5C-826CAB7608DE}.Release|Any CPU.Build.0 = Release|Any CPU
	EndGlobalSection
	GlobalSection(SolutionProperties) = preSolution
		HideSolutionNode = FALSE
	EndGlobalSection
	GlobalSection(ExtensibilityGlobals) = postSolution
		SolutionGuid = {577C19C1-CB37-4017-9C9C-C829BDFB52D3}
	EndGlobalSection
EndGlobal
